# THIS IS AN AUTOGENERATED FILE. DO NOT EDIT THIS FILE DIRECTLY.
# yarn lockfile v1


"@trellisorg/make-buildable@^0.0.10":
  version "0.0.10"
  resolved "https://registry.yarnpkg.com/@trellisorg/make-buildable/-/make-buildable-0.0.10.tgz#93851d24eff9ba41c39e5426ff35a0a3fd02e70c"
  integrity sha512-SBUi7vGu1tw8nVmsMz1vjZbvDa5+ch+IVEvOnutr3FdVtvsAo7Pv6BKtR0XedgQcFKAglUhnzkuJ9SahUOhBxA==
  dependencies:
    lodash.merge "*"

clsx@^1.1.0:
  version "1.1.1"
  resolved "https://registry.yarnpkg.com/clsx/-/clsx-1.1.1.tgz#98b3134f9abbdf23b2663491ace13c5c03a73188"
  integrity sha512-6/bPho624p3S2pMyvP5kKBPXnI3ufHLObBFCfgx+LkeR5lg2XYy2hqZqUf45ypD8COn2bhgGJSUE+l5dhNBieA==

hoist-non-react-statics@^3.3.0:
  version "3.3.2"
  resolved "https://registry.yarnpkg.com/hoist-non-react-statics/-/hoist-non-react-statics-3.3.2.tgz#ece0acaf71d62c2969c2ec59feff42a4b1a85b45"
  integrity sha512-/gGivxi8JPKWNm/W0jSmzcMPpfpPLc3dY/6GxhX2hQ9iGj3aDfklV4ET7NjKpSinLpJ5vafa9iiGIEZg10SfBw==
  dependencies:
    react-is "^16.7.0"

lodash.merge@*:
  version "4.6.2"
  resolved "https://registry.yarnpkg.com/lodash.merge/-/lodash.merge-4.6.2.tgz#558aa53b43b661e1925a0afdfa36a9a1085fe57a"
  integrity sha512-0KpjqXRVvrYyCsX1swR/XTK0va6VQkQM6MNo7PqW77ByjAhoARA8EfrP1N4+KlKj8YS0ZUCtRT/YUuhyYDujIQ==

notistack@^1.0.9:
  version "1.0.9"
  resolved "https://registry.yarnpkg.com/notistack/-/notistack-1.0.9.tgz#8b3d692bb0c70413efd7424d85d563d667206542"
  integrity sha512-Dal2HtTpWrdYCZ3t0HhJt47NJZwVSPee36WzORRbqUkFR0k9pxFszxBuPSWshBLwF6Av8s86XPP+ED5zRz0CGw==
  dependencies:
    clsx "^1.1.0"
    hoist-non-react-statics "^3.3.0"

react-is@^16.7.0:
  version "16.13.1"
  resolved "https://registry.yarnpkg.com/react-is/-/react-is-16.13.1.tgz#789729a4dc36de2999dc156dd6c1d9c18cea56a4"
  integrity sha512-24e6ynE2H+OKt4kqsOvNd8kBpV65zoxbA4BVsEOB3ARVWQki/DHzaUoC5KuON/BiccDaCCTZBuOcfZs70kR8bQ==
